
Microsoft Visual Studio Solution File, Format Version 12.00
# Visual Studio Version 17
VisualStudioVersion = 17.0.32014.148
MinimumVisualStudioVersion = 10.0.40219.1
Project("{FAE04EC0-301F-11D3-BF4B-00C04F79EFBC}") = "NeatImplementation", "NeatImplementation.csproj", "{5509E38E-77C3-49AC-8CCA-A824E5B82D30}"
EndProject
Global
	GlobalSection(SolutionConfigurationPlatforms) = preSolution
		Debug|Any CPU = Debug|Any CPU
		Release|Any CPU = Release|Any CPU
	EndGlobalSection
	GlobalSection(ProjectConfigurationPlatforms) = postSolution
		{5509E38E-77C3-49AC-8CCA-A824E5B82D30}.Debug|Any CPU.ActiveCfg = Debug|Any CPU
		{5509E38E-77C3-49AC-8CCA-A824E5B82D30}.Debug|Any CPU.Build.0 = Debug|Any CPU
		{5509E38E-77C3-49AC-8CCA-A824E5B82D30}.Release|Any CPU.ActiveCfg = Release|Any CPU
		{5509E38E-77C3-49AC-8CCA-A824E5B82D30}.Release|Any CPU.Build.0 = Release|Any CPU
	EndGlobalSection
	GlobalSection(SolutionProperties) = preSolution
		HideSolutionNode = FALSE
	EndGlobalSection
	GlobalSection(ExtensibilityGlobals) = postSolution
		SolutionGuid = {504F2A60-9BE7-4DB0-AFFD-A51AEF255E9D}
	EndGlobalSection
EndGlobal
